
Microsoft Visual Studio Solution File, Format Version 11.00
# Visual Studio 2010
Project("{FAE04EC0-301F-11D3-BF4B-00C04F79EFBC}") = "Unity.Timeline", "Unity.Timeline.csproj", "{ef049cd1-c26f-7209-c318-5e3d46901ab2}"
EndProject
Project("{FAE04EC0-301F-11D3-BF4B-00C04F79EFBC}") = "Unity.ShaderGraph.Editor", "Unity.ShaderGraph.Editor.csproj", "{61d9f16f-a705-786f-4045-aefde3cbd76d}"
EndProject
Project("{FAE04EC0-301F-11D3-BF4B-00C04F79EFBC}") = "Unity.RenderPipelines.GPUDriven.Runtime", "Unity.RenderPipelines.GPUDriven.Runtime.csproj", "{3d33990d-bb59-f365-b847-17c0e98d1ce6}"
EndProject
Project("{FAE04EC0-301F-11D3-BF4B-00C04F79EFBC}") = "Unity.RenderPipelines.Universal.Runtime", "Unity.RenderPipelines.Universal.Runtime.csproj", "{b4fcd618-b6f8-eb16-410d-095cd44121b4}"
EndProject
Project("{FAE04EC0-301F-11D3-BF4B-00C04F79EFBC}") = "Unity.Timeline.Editor", "Unity.Timeline.Editor.csproj", "{6ac5b86b-3539-fae5-bba8-cd589e92b714}"
EndProject
Project("{FAE04EC0-301F-11D3-BF4B-00C04F79EFBC}") = "Unity.RenderPipelines.Core.Runtime", "Unity.RenderPipelines.Core.Runtime.csproj", "{cbf7de89-2a86-3d23-18f2-267d525612eb}"
EndProject
Project("{FAE04EC0-301F-11D3-BF4B-00C04F79EFBC}") = "Unity.Mathematics", "Unity.Mathematics.csproj", "{ff9dd718-4e9a-b6c9-91b1-115321762720}"
EndProject
Project("{FAE04EC0-301F-11D3-BF4B-00C04F79EFBC}") = "Unity.Multiplayer.Center.Editor", "Unity.Multiplayer.Center.Editor.csproj", "{733447ca-6f01-6b1e-3645-ab08f9d1895b}"
EndProject
Project("{FAE04EC0-301F-11D3-BF4B-00C04F79EFBC}") = "Unity.RenderPipelines.Core.Editor", "Unity.RenderPipelines.Core.Editor.csproj", "{a2bef019-6511-d3a0-c654-5d84d53e85ef}"
EndProject
Project("{FAE04EC0-301F-11D3-BF4B-00C04F79EFBC}") = "Unity.Collections", "Unity.Collections.csproj", "{51888e23-240c-8510-76cf-b7f06e5fb375}"
EndProject
Project("{FAE04EC0-301F-11D3-BF4B-00C04F79EFBC}") = "UnityEngine.UI", "UnityEngine.UI.csproj", "{a4e2a028-05f7-fdab-a940-f15f90cf48d6}"
EndProject
Project("{FAE04EC0-301F-11D3-BF4B-00C04F79EFBC}") = "UnityEditor.TestRunner", "UnityEditor.TestRunner.csproj", "{b8e51ad1-c98b-7320-2b5a-6a127fcd058e}"
EndProject
Project("{FAE04EC0-301F-11D3-BF4B-00C04F79EFBC}") = "Unity.RenderPipelines.Universal.2D.Runtime", "Unity.RenderPipelines.Universal.2D.Runtime.csproj", "{5a2b636c-0166-ee5a-de27-fdcbfe90434c}"
EndProject
Project("{FAE04EC0-301F-11D3-BF4B-00C04F79EFBC}") = "Unity.RenderPipelines.Universal.Editor", "Unity.RenderPipelines.Universal.Editor.csproj", "{41e9ea44-0415-f656-8c78-dc84250679d3}"
EndProject
Project("{FAE04EC0-301F-11D3-BF4B-00C04F79EFBC}") = "Unity.PerformanceTesting.Editor", "Unity.PerformanceTesting.Editor.csproj", "{4fbf90a4-2929-35ea-91ef-167da266bd95}"
EndProject
Project("{FAE04EC0-301F-11D3-BF4B-00C04F79EFBC}") = "UnityEngine.TestRunner", "UnityEngine.TestRunner.csproj", "{e92d852c-6905-5051-37b9-01e6753272a7}"
EndProject
Project("{FAE04EC0-301F-11D3-BF4B-00C04F79EFBC}") = "Unity.Searcher.Editor", "Unity.Searcher.Editor.csproj", "{5fd83282-9e69-5677-b3a5-5ef3fe33a875}"
EndProject
Project("{FAE04EC0-301F-11D3-BF4B-00C04F79EFBC}") = "Unity.Burst", "Unity.Burst.csproj", "{a2bb98a2-7cab-ac15-3dad-b0be474181a4}"
EndProject
Project("{FAE04EC0-301F-11D3-BF4B-00C04F79EFBC}") = "Unity.AI.Navigation.Editor", "Unity.AI.Navigation.Editor.csproj", "{9acdddab-ea8f-3dcb-0623-fc886eec5499}"
EndProject
Project("{FAE04EC0-301F-11D3-BF4B-00C04F79EFBC}") = "Unity.VisualStudio.Editor", "Unity.VisualStudio.Editor.csproj", "{532a2410-23cd-6934-62e9-c4becbe79227}"
EndProject
Project("{FAE04EC0-301F-11D3-BF4B-00C04F79EFBC}") = "Artees.SemanticVersioning", "Artees.SemanticVersioning.csproj", "{eb9940ef-5b59-4148-233f-e959e4fbb08d}"
EndProject
Project("{FAE04EC0-301F-11D3-BF4B-00C04F79EFBC}") = "PPv2URPConverters", "PPv2URPConverters.csproj", "{76364c2b-0baf-cc81-42ec-fec23b087e60}"
EndProject
Project("{FAE04EC0-301F-11D3-BF4B-00C04F79EFBC}") = "Unity.RenderPipelines.Core.Runtime.Shared", "Unity.RenderPipelines.Core.Runtime.Shared.csproj", "{5cac13e1-ee10-5f61-f4ca-2b85184fcc42}"
EndProject
Project("{FAE04EC0-301F-11D3-BF4B-00C04F79EFBC}") = "Unity.TextMeshPro.Editor", "Unity.TextMeshPro.Editor.csproj", "{6fed8a22-468e-505b-8393-2451947e20c1}"
EndProject
Project("{FAE04EC0-301F-11D3-BF4B-00C04F79EFBC}") = "Unity.Rider.Editor", "Unity.Rider.Editor.csproj", "{b6678332-2097-3fc7-b189-0ea8257f24b3}"
EndProject
Project("{FAE04EC0-301F-11D3-BF4B-00C04F79EFBC}") = "Unity.AI.Navigation.Editor.ConversionSystem", "Unity.AI.Navigation.Editor.ConversionSystem.csproj", "{20dddc8e-a43f-53d4-ab1c-18d3c73a9bf3}"
EndProject
Project("{FAE04EC0-301F-11D3-BF4B-00C04F79EFBC}") = "Unity.Burst.CodeGen", "Unity.Burst.CodeGen.csproj", "{cb746319-418d-4149-b906-1ae3b68947fe}"
EndProject
Project("{FAE04EC0-301F-11D3-BF4B-00C04F79EFBC}") = "Unity.RenderPipeline.Universal.ShaderLibrary", "Unity.RenderPipeline.Universal.ShaderLibrary.csproj", "{55c44fca-9855-8135-2374-74141eb328e8}"
EndProject
Project("{FAE04EC0-301F-11D3-BF4B-00C04F79EFBC}") = "Unity.PerformanceTesting", "Unity.PerformanceTesting.csproj", "{c40163d9-3791-ea45-340e-bf3f9a1dcc7c}"
EndProject
Project("{FAE04EC0-301F-11D3-BF4B-00C04F79EFBC}") = "Unity.AI.Navigation", "Unity.AI.Navigation.csproj", "{6c0cc231-746d-92a6-703d-4d0f6e1b4473}"
EndProject
Project("{FAE04EC0-301F-11D3-BF4B-00C04F79EFBC}") = "UnityEditor.UI", "UnityEditor.UI.csproj", "{689463c3-f45a-a1d7-adb4-4eff96f7cc45}"
EndProject
Project("{FAE04EC0-301F-11D3-BF4B-00C04F79EFBC}") = "Unity.TextMeshPro", "Unity.TextMeshPro.csproj", "{759ad5b4-21f3-5712-e688-19c7ca04f3eb}"
EndProject
Project("{FAE04EC0-301F-11D3-BF4B-00C04F79EFBC}") = "Unity.Rendering.LightTransport.Runtime", "Unity.Rendering.LightTransport.Runtime.csproj", "{8f335217-58d8-7e3f-af26-c19574656b49}"
EndProject
Project("{FAE04EC0-301F-11D3-BF4B-00C04F79EFBC}") = "Unity.Burst.Editor", "Unity.Burst.Editor.csproj", "{22ad5fa7-c3bd-009f-738b-fba9b01b85bb}"
EndProject
Project("{FAE04EC0-301F-11D3-BF4B-00C04F79EFBC}") = "Unity.AI.Navigation.Updater", "Unity.AI.Navigation.Updater.csproj", "{528ee8e5-2635-b934-846a-f9daa399851f}"
EndProject
Project("{FAE04EC0-301F-11D3-BF4B-00C04F79EFBC}") = "Halodi.PackageRegistryManager.Editor", "Halodi.PackageRegistryManager.Editor.csproj", "{3f3bcba7-5db6-5bee-dc6f-7a061e155c47}"
EndProject
Project("{FAE04EC0-301F-11D3-BF4B-00C04F79EFBC}") = "Unity.Multiplayer.Center.Common", "Unity.Multiplayer.Center.Common.csproj", "{e3d1afb9-609e-8a18-e813-a1c9f5b15c0e}"
EndProject
Project("{FAE04EC0-301F-11D3-BF4B-00C04F79EFBC}") = "Unity.SharpZipLib.Editor", "Unity.SharpZipLib.Editor.csproj", "{9fc57a76-cf9f-1466-7ed4-947bca1fcc1d}"
EndProject
Project("{FAE04EC0-301F-11D3-BF4B-00C04F79EFBC}") = "Unity.Collections.CodeGen", "Unity.Collections.CodeGen.csproj", "{e47269bf-fe70-490d-8788-ecbd7a1ad5b8}"
EndProject
Project("{FAE04EC0-301F-11D3-BF4B-00C04F79EFBC}") = "Unity.Mathematics.Editor", "Unity.Mathematics.Editor.csproj", "{4e76890f-dfac-a5e5-cff5-d651fccc718a}"
EndProject
Project("{FAE04EC0-301F-11D3-BF4B-00C04F79EFBC}") = "Unity.ShaderGraph.Utilities", "Unity.ShaderGraph.Utilities.csproj", "{019249db-04fe-20a9-7d23-bf44ad154c22}"
EndProject
Project("{FAE04EC0-301F-11D3-BF4B-00C04F79EFBC}") = "Halodi.PackageRegistryManager.Tests", "Halodi.PackageRegistryManager.Tests.csproj", "{72e9d635-e943-82e6-e4f0-455946a0cad6}"
EndProject
Project("{FAE04EC0-301F-11D3-BF4B-00C04F79EFBC}") = "Unity.Rendering.LightTransport.Editor", "Unity.Rendering.LightTransport.Editor.csproj", "{88b60c38-984d-08d6-55f7-723ff57b29d9}"
EndProject
Project("{FAE04EC0-301F-11D3-BF4B-00C04F79EFBC}") = "ET.Init.Editor", "ET.Init.Editor.csproj", "{baa35fd6-1e63-4795-8f19-bc7c4f8bbc71}"
EndProject
Project("{FAE04EC0-301F-11D3-BF4B-00C04F79EFBC}") = "Unity.Collections.Editor", "Unity.Collections.Editor.csproj", "{3c3e5d7d-4e9a-ce26-884a-6515b1e7af06}"
EndProject
Project("{FAE04EC0-301F-11D3-BF4B-00C04F79EFBC}") = "Unity.SharpZipLib.Utils", "Unity.SharpZipLib.Utils.csproj", "{000bb8be-3660-e6c9-0989-68b0c36e3ec9}"
EndProject
Project("{FAE04EC0-301F-11D3-BF4B-00C04F79EFBC}") = "Unity.RenderPipelines.Universal.Config.Runtime", "Unity.RenderPipelines.Universal.Config.Runtime.csproj", "{a4a07766-c4c7-04a0-8ead-dc27ecb9a0ce}"
EndProject
Project("{FAE04EC0-301F-11D3-BF4B-00C04F79EFBC}") = "Unity.RenderPipelines.ShaderGraph.ShaderGraphLibrary", "Unity.RenderPipelines.ShaderGraph.ShaderGraphLibrary.csproj", "{80e29902-5311-5b61-8958-49c62c3edddc}"
EndProject
Project("{FAE04EC0-301F-11D3-BF4B-00C04F79EFBC}") = "Unity.RenderPipelines.Core.ShaderLibrary", "Unity.RenderPipelines.Core.ShaderLibrary.csproj", "{993e9f0a-b132-ce83-7c66-fe8e296827f7}"
EndProject
Project("{FAE04EC0-301F-11D3-BF4B-00C04F79EFBC}") = "Unity.RenderPipelines.Core.Editor.Shared", "Unity.RenderPipelines.Core.Editor.Shared.csproj", "{330f3e10-40d5-454d-9484-e2cebd4051f7}"
EndProject
Project("{FAE04EC0-301F-11D3-BF4B-00C04F79EFBC}") = "Unity.RenderPipelines.Universal.Shaders", "Unity.RenderPipelines.Universal.Shaders.csproj", "{0abe96ae-496a-803f-ff77-34a4e0deadb4}"
EndProject
Project("{FAE04EC0-301F-11D3-BF4B-00C04F79EFBC}") = "Unity.Timeline", "Unity.Timeline.Player.csproj", "{d1b0cba2-c034-9472-5dc3-6e874198dcd4}"
EndProject
Project("{FAE04EC0-301F-11D3-BF4B-00C04F79EFBC}") = "Unity.RenderPipelines.GPUDriven.Runtime", "Unity.RenderPipelines.GPUDriven.Runtime.Player.csproj", "{e8fbece8-31bb-bc04-2763-40fed7d4d38d}"
EndProject
Project("{FAE04EC0-301F-11D3-BF4B-00C04F79EFBC}") = "Unity.RenderPipelines.Universal.Runtime", "Unity.RenderPipelines.Universal.Runtime.Player.csproj", "{34e3edc2-f1c7-ea0a-e1b7-11e161eec763}"
EndProject
Project("{FAE04EC0-301F-11D3-BF4B-00C04F79EFBC}") = "Unity.RenderPipelines.Core.Runtime", "Unity.RenderPipelines.Core.Runtime.Player.csproj", "{8503a9a2-5a1f-7a78-4029-00cd6e5d0c22}"
EndProject
Project("{FAE04EC0-301F-11D3-BF4B-00C04F79EFBC}") = "Unity.Mathematics", "Unity.Mathematics.Player.csproj", "{6551817d-261d-0147-91ab-943ce9d996ca}"
EndProject
Project("{FAE04EC0-301F-11D3-BF4B-00C04F79EFBC}") = "Unity.Collections", "Unity.Collections.Player.csproj", "{de36a402-8271-4ac0-bd6e-28c3403b8185}"
EndProject
Project("{FAE04EC0-301F-11D3-BF4B-00C04F79EFBC}") = "UnityEngine.UI", "UnityEngine.UI.Player.csproj", "{66df7fe8-7824-0c64-2d98-a56cfeb66859}"
EndProject
Project("{FAE04EC0-301F-11D3-BF4B-00C04F79EFBC}") = "Unity.RenderPipelines.Universal.2D.Runtime", "Unity.RenderPipelines.Universal.2D.Runtime.Player.csproj", "{246ec72b-970f-cb1b-ccd8-7d2aa29fa4e8}"
EndProject
Project("{FAE04EC0-301F-11D3-BF4B-00C04F79EFBC}") = "UnityEngine.TestRunner", "UnityEngine.TestRunner.Player.csproj", "{1449e79a-39ba-8039-793e-34192da30c97}"
EndProject
Project("{FAE04EC0-301F-11D3-BF4B-00C04F79EFBC}") = "Unity.Burst", "Unity.Burst.Player.csproj", "{edd96239-8277-3725-0c12-17c41d45bb25}"
EndProject
Project("{FAE04EC0-301F-11D3-BF4B-00C04F79EFBC}") = "Artees.SemanticVersioning", "Artees.SemanticVersioning.Player.csproj", "{4092f424-57a8-aabd-ee0a-34e004b439b5}"
EndProject
Project("{FAE04EC0-301F-11D3-BF4B-00C04F79EFBC}") = "Unity.RenderPipelines.Core.Runtime.Shared", "Unity.RenderPipelines.Core.Runtime.Shared.Player.csproj", "{a66be0c5-a59b-6fc6-77fb-1be9c92e0d34}"
EndProject
Project("{FAE04EC0-301F-11D3-BF4B-00C04F79EFBC}") = "Unity.RenderPipeline.Universal.ShaderLibrary", "Unity.RenderPipeline.Universal.ShaderLibrary.Player.csproj", "{8d2d683e-78b0-6edc-b441-c7ee9e32f861}"
EndProject
Project("{FAE04EC0-301F-11D3-BF4B-00C04F79EFBC}") = "Unity.PerformanceTesting", "Unity.PerformanceTesting.Player.csproj", "{35992600-0d9c-7f55-2323-7d14b3489958}"
EndProject
Project("{FAE04EC0-301F-11D3-BF4B-00C04F79EFBC}") = "Unity.AI.Navigation", "Unity.AI.Navigation.Player.csproj", "{8329147f-5f9d-1a28-b586-1bf432a17063}"
EndProject
Project("{FAE04EC0-301F-11D3-BF4B-00C04F79EFBC}") = "Unity.TextMeshPro", "Unity.TextMeshPro.Player.csproj", "{35cf735d-c87f-825d-e11e-b9b84de52a71}"
EndProject
Project("{FAE04EC0-301F-11D3-BF4B-00C04F79EFBC}") = "Unity.Rendering.LightTransport.Runtime", "Unity.Rendering.LightTransport.Runtime.Player.csproj", "{c65cf7ae-9a86-eb60-a7e8-db991a272039}"
EndProject
Project("{FAE04EC0-301F-11D3-BF4B-00C04F79EFBC}") = "Unity.Multiplayer.Center.Common", "Unity.Multiplayer.Center.Common.Player.csproj", "{662f22e3-e755-6635-1e68-da3031611b1b}"
EndProject
Project("{FAE04EC0-301F-11D3-BF4B-00C04F79EFBC}") = "Unity.SharpZipLib.Utils", "Unity.SharpZipLib.Utils.Player.csproj", "{93fe7cc1-878e-b93f-26c4-4e0d63384ab8}"
EndProject
Project("{FAE04EC0-301F-11D3-BF4B-00C04F79EFBC}") = "Unity.RenderPipelines.Universal.Config.Runtime", "Unity.RenderPipelines.Universal.Config.Runtime.Player.csproj", "{83fa5b5d-ef23-f87f-b50e-fbf624f0eaa9}"
EndProject
Project("{FAE04EC0-301F-11D3-BF4B-00C04F79EFBC}") = "Unity.RenderPipelines.ShaderGraph.ShaderGraphLibrary", "Unity.RenderPipelines.ShaderGraph.ShaderGraphLibrary.Player.csproj", "{818c6f89-061b-a124-9f09-72fdfceabf20}"
EndProject
Project("{FAE04EC0-301F-11D3-BF4B-00C04F79EFBC}") = "Unity.RenderPipelines.Core.ShaderLibrary", "Unity.RenderPipelines.Core.ShaderLibrary.Player.csproj", "{6dec0211-1d1d-0e6b-ed51-be93facac7b0}"
EndProject
Project("{FAE04EC0-301F-11D3-BF4B-00C04F79EFBC}") = "Unity.RenderPipelines.Universal.Shaders", "Unity.RenderPipelines.Universal.Shaders.Player.csproj", "{a7f36dad-3f2f-f09f-fd06-1bc17b07d252}"
EndProject
Project("{FAE04EC0-301F-11D3-BF4B-00C04F79EFBC}") = "Unity.AI.Navigation.Tests.EditorInPlaymode", "Unity.AI.Navigation.Tests.EditorInPlaymode.csproj", "{2e520a4e-0f54-49a8-06c1-e2bcbd5aebba}"
EndProject
Project("{FAE04EC0-301F-11D3-BF4B-00C04F79EFBC}") = "Assembly-CSharp", "Assembly-CSharp.csproj", "{b327b0f7-3989-218c-73d4-b9f67962705a}"
EndProject
Project("{FAE04EC0-301F-11D3-BF4B-00C04F79EFBC}") = "Unity.Mathematics.Tests", "Unity.Mathematics.Tests.csproj", "{f9f3247d-6851-2415-aca6-14f9546202e4}"
EndProject
Project("{FAE04EC0-301F-11D3-BF4B-00C04F79EFBC}") = "Unity.RenderPipelines.Core.Editor.Tests", "Unity.RenderPipelines.Core.Editor.Tests.csproj", "{0261053a-18c2-2697-c15c-3d8df08c7da2}"
EndProject
Project("{FAE04EC0-301F-11D3-BF4B-00C04F79EFBC}") = "Unity.RenderPipelines.Universal.Config.Editor.Tests", "Unity.RenderPipelines.Universal.Config.Editor.Tests.csproj", "{b10886e1-832e-3617-6949-fb36a4d161a9}"
EndProject
Project("{FAE04EC0-301F-11D3-BF4B-00C04F79EFBC}") = "Unity.RenderPipelines.Universal.Editor.Tests", "Unity.RenderPipelines.Universal.Editor.Tests.csproj", "{f8777b00-1b1b-f681-3545-37c7bf4be75c}"
EndProject
Project("{FAE04EC0-301F-11D3-BF4B-00C04F79EFBC}") = "Unity.Collections.DocCodeSamples", "Unity.Collections.DocCodeSamples.csproj", "{3994586d-992d-a026-f466-649b28a19e91}"
EndProject
Project("{FAE04EC0-301F-11D3-BF4B-00C04F79EFBC}") = "Unity.Searcher.EditorTests", "Unity.Searcher.EditorTests.csproj", "{50507cc1-042f-3056-4762-4361e4a27e99}"
EndProject
Project("{FAE04EC0-301F-11D3-BF4B-00C04F79EFBC}") = "Unity.Collections.PerformanceTests", "Unity.Collections.PerformanceTests.csproj", "{12f1fd10-774b-416f-30cd-952f2065b7d4}"
EndProject
Project("{FAE04EC0-301F-11D3-BF4B-00C04F79EFBC}") = "Unity.AI.Navigation.Tests", "Unity.AI.Navigation.Tests.csproj", "{824b9499-95e5-0f96-035b-33f99039627b}"
EndProject
Project("{FAE04EC0-301F-11D3-BF4B-00C04F79EFBC}") = "Unity.TextMeshPro.Editor.Tests", "Unity.TextMeshPro.Editor.Tests.csproj", "{f7cb0577-eac9-b115-c899-37bca7583117}"
EndProject
Project("{FAE04EC0-301F-11D3-BF4B-00C04F79EFBC}") = "DocCodeExamples", "DocCodeExamples.csproj", "{66f7cfaa-fc05-6131-201c-c222bf2467c1}"
EndProject
Project("{FAE04EC0-301F-11D3-BF4B-00C04F79EFBC}") = "Unity.SharpZipLib.Tests", "Unity.SharpZipLib.Tests.csproj", "{19d9097f-d2bc-ea28-76a0-57a386cd44d6}"
EndProject
Project("{FAE04EC0-301F-11D3-BF4B-00C04F79EFBC}") = "Unity.LightTransport.Editor.Tests", "Unity.LightTransport.Editor.Tests.csproj", "{52ed4ea8-adb2-2016-2ba1-3cea0fe99aec}"
EndProject
Project("{FAE04EC0-301F-11D3-BF4B-00C04F79EFBC}") = "Unity.Multiplayer.Center.Tests", "Unity.Multiplayer.Center.Tests.csproj", "{917cedcb-ae65-9337-3214-541c4c8b86ba}"
EndProject
Project("{FAE04EC0-301F-11D3-BF4B-00C04F79EFBC}") = "Unity.Collections.Tests", "Unity.Collections.Tests.csproj", "{6c71b059-158c-9dbf-77a8-ea82b6cb22f4}"
EndProject
Project("{FAE04EC0-301F-11D3-BF4B-00C04F79EFBC}") = "Unity.RenderPipelines.Core.Runtime.Tests", "Unity.RenderPipelines.Core.Runtime.Tests.csproj", "{59143f04-15dd-9429-8521-bcbbf25ab691}"
EndProject
Project("{FAE04EC0-301F-11D3-BF4B-00C04F79EFBC}") = "Unity.AI.Navigation.LegacyOffMeshLink.Tests", "Unity.AI.Navigation.LegacyOffMeshLink.Tests.csproj", "{60494ed2-157a-a97b-acd3-676140a66933}"
EndProject
Project("{FAE04EC0-301F-11D3-BF4B-00C04F79EFBC}") = "Unity.Multiplayer.Center.Editor.Tests", "Unity.Multiplayer.Center.Editor.Tests.csproj", "{b4452419-bdde-7473-da1b-65a614eb0bcb}"
EndProject
Project("{FAE04EC0-301F-11D3-BF4B-00C04F79EFBC}") = "Unity.AI.Navigation.Editor.Tests", "Unity.AI.Navigation.Editor.Tests.csproj", "{ccbc5b60-b99f-8e86-74e7-ee8ded5a6d25}"
EndProject
Project("{FAE04EC0-301F-11D3-BF4B-00C04F79EFBC}") = "UnityEngine.UI.Tests", "UnityEngine.UI.Tests.csproj", "{459b24e7-368c-a9fa-575b-cacfa67bf274}"
EndProject
Project("{FAE04EC0-301F-11D3-BF4B-00C04F79EFBC}") = "Unity.Collections.Tests.Playmode", "Unity.Collections.Tests.Playmode.csproj", "{8b25b742-704b-a48f-080e-cb2e5fbdc0d3}"
EndProject
Project("{FAE04EC0-301F-11D3-BF4B-00C04F79EFBC}") = "Unity.Nuget.Mono-Cecil", "Unity.Nuget.Mono-Cecil.csproj", "{8604ec9d-47f2-b658-e7fa-c402af974b33}"
EndProject
Project("{FAE04EC0-301F-11D3-BF4B-00C04F79EFBC}") = "Unity.SharpZipLib.EditorTests", "Unity.SharpZipLib.EditorTests.csproj", "{a722827d-0a1d-217e-6320-bde48c0ee8aa}"
EndProject
Project("{FAE04EC0-301F-11D3-BF4B-00C04F79EFBC}") = "Unity.TextMeshPro.Tests", "Unity.TextMeshPro.Tests.csproj", "{798f3035-295d-0cb5-5646-d68feb678362}"
EndProject
Project("{FAE04EC0-301F-11D3-BF4B-00C04F79EFBC}") = "UnityEditor.UI.EditorTests", "UnityEditor.UI.EditorTests.csproj", "{a996d907-84b2-129b-d02a-496efc57462f}"
EndProject
Project("{FAE04EC0-301F-11D3-BF4B-00C04F79EFBC}") = "Unity.RenderPipelines.Universal.Runtime.Tests", "Unity.RenderPipelines.Universal.Runtime.Tests.csproj", "{9c0eea49-4210-3871-210e-1c4cd76b109f}"
EndProject
Project("{FAE04EC0-301F-11D3-BF4B-00C04F79EFBC}") = "Unity.Collections.BurstCompatibilityGen", "Unity.Collections.BurstCompatibilityGen.csproj", "{5b65e61b-ae94-619a-13c8-10bcc67a3c0a}"
EndProject
Project("{FAE04EC0-301F-11D3-BF4B-00C04F79EFBC}") = "Unity.ShaderGraph.Editor.Tests", "Unity.ShaderGraph.Editor.Tests.csproj", "{cd3740c9-952d-42f4-f4b4-9f516ddbf020}"
EndProject
Global
	GlobalSection(SolutionConfigurationPlatforms) = preSolution
		Debug|Any CPU = Debug|Any CPU
	EndGlobalSection
	GlobalSection(ProjectConfigurationPlatforms) = postSolution
		{ef049cd1-c26f-7209-c318-5e3d46901ab2}.Debug|Any CPU.ActiveCfg = Debug|Any CPU
		{ef049cd1-c26f-7209-c318-5e3d46901ab2}.Debug|Any CPU.Build.0 = Debug|Any CPU
		{61d9f16f-a705-786f-4045-aefde3cbd76d}.Debug|Any CPU.ActiveCfg = Debug|Any CPU
		{61d9f16f-a705-786f-4045-aefde3cbd76d}.Debug|Any CPU.Build.0 = Debug|Any CPU
		{3d33990d-bb59-f365-b847-17c0e98d1ce6}.Debug|Any CPU.ActiveCfg = Debug|Any CPU
		{3d33990d-bb59-f365-b847-17c0e98d1ce6}.Debug|Any CPU.Build.0 = Debug|Any CPU
		{b4fcd618-b6f8-eb16-410d-095cd44121b4}.Debug|Any CPU.ActiveCfg = Debug|Any CPU
		{b4fcd618-b6f8-eb16-410d-095cd44121b4}.Debug|Any CPU.Build.0 = Debug|Any CPU
		{6ac5b86b-3539-fae5-bba8-cd589e92b714}.Debug|Any CPU.ActiveCfg = Debug|Any CPU
		{6ac5b86b-3539-fae5-bba8-cd589e92b714}.Debug|Any CPU.Build.0 = Debug|Any CPU
		{cbf7de89-2a86-3d23-18f2-267d525612eb}.Debug|Any CPU.ActiveCfg = Debug|Any CPU
		{cbf7de89-2a86-3d23-18f2-267d525612eb}.Debug|Any CPU.Build.0 = Debug|Any CPU
		{ff9dd718-4e9a-b6c9-91b1-115321762720}.Debug|Any CPU.ActiveCfg = Debug|Any CPU
		{ff9dd718-4e9a-b6c9-91b1-115321762720}.Debug|Any CPU.Build.0 = Debug|Any CPU
		{733447ca-6f01-6b1e-3645-ab08f9d1895b}.Debug|Any CPU.ActiveCfg = Debug|Any CPU
		{733447ca-6f01-6b1e-3645-ab08f9d1895b}.Debug|Any CPU.Build.0 = Debug|Any CPU
		{a2bef019-6511-d3a0-c654-5d84d53e85ef}.Debug|Any CPU.ActiveCfg = Debug|Any CPU
		{a2bef019-6511-d3a0-c654-5d84d53e85ef}.Debug|Any CPU.Build.0 = Debug|Any CPU
		{51888e23-240c-8510-76cf-b7f06e5fb375}.Debug|Any CPU.ActiveCfg = Debug|Any CPU
		{51888e23-240c-8510-76cf-b7f06e5fb375}.Debug|Any CPU.Build.0 = Debug|Any CPU
		{a4e2a028-05f7-fdab-a940-f15f90cf48d6}.Debug|Any CPU.ActiveCfg = Debug|Any CPU
		{a4e2a028-05f7-fdab-a940-f15f90cf48d6}.Debug|Any CPU.Build.0 = Debug|Any CPU
		{b8e51ad1-c98b-7320-2b5a-6a127fcd058e}.Debug|Any CPU.ActiveCfg = Debug|Any CPU
		{b8e51ad1-c98b-7320-2b5a-6a127fcd058e}.Debug|Any CPU.Build.0 = Debug|Any CPU
		{5a2b636c-0166-ee5a-de27-fdcbfe90434c}.Debug|Any CPU.ActiveCfg = Debug|Any CPU
		{5a2b636c-0166-ee5a-de27-fdcbfe90434c}.Debug|Any CPU.Build.0 = Debug|Any CPU
		{41e9ea44-0415-f656-8c78-dc84250679d3}.Debug|Any CPU.ActiveCfg = Debug|Any CPU
		{41e9ea44-0415-f656-8c78-dc84250679d3}.Debug|Any CPU.Build.0 = Debug|Any CPU
		{4fbf90a4-2929-35ea-91ef-167da266bd95}.Debug|Any CPU.ActiveCfg = Debug|Any CPU
		{4fbf90a4-2929-35ea-91ef-167da266bd95}.Debug|Any CPU.Build.0 = Debug|Any CPU
		{e92d852c-6905-5051-37b9-01e6753272a7}.Debug|Any CPU.ActiveCfg = Debug|Any CPU
		{e92d852c-6905-5051-37b9-01e6753272a7}.Debug|Any CPU.Build.0 = Debug|Any CPU
		{5fd83282-9e69-5677-b3a5-5ef3fe33a875}.Debug|Any CPU.ActiveCfg = Debug|Any CPU
		{5fd83282-9e69-5677-b3a5-5ef3fe33a875}.Debug|Any CPU.Build.0 = Debug|Any CPU
		{a2bb98a2-7cab-ac15-3dad-b0be474181a4}.Debug|Any CPU.ActiveCfg = Debug|Any CPU
		{a2bb98a2-7cab-ac15-3dad-b0be474181a4}.Debug|Any CPU.Build.0 = Debug|Any CPU
		{9acdddab-ea8f-3dcb-0623-fc886eec5499}.Debug|Any CPU.ActiveCfg = Debug|Any CPU
		{9acdddab-ea8f-3dcb-0623-fc886eec5499}.Debug|Any CPU.Build.0 = Debug|Any CPU
		{532a2410-23cd-6934-62e9-c4becbe79227}.Debug|Any CPU.ActiveCfg = Debug|Any CPU
		{532a2410-23cd-6934-62e9-c4becbe79227}.Debug|Any CPU.Build.0 = Debug|Any CPU
		{eb9940ef-5b59-4148-233f-e959e4fbb08d}.Debug|Any CPU.ActiveCfg = Debug|Any CPU
		{eb9940ef-5b59-4148-233f-e959e4fbb08d}.Debug|Any CPU.Build.0 = Debug|Any CPU
		{76364c2b-0baf-cc81-42ec-fec23b087e60}.Debug|Any CPU.ActiveCfg = Debug|Any CPU
		{76364c2b-0baf-cc81-42ec-fec23b087e60}.Debug|Any CPU.Build.0 = Debug|Any CPU
		{5cac13e1-ee10-5f61-f4ca-2b85184fcc42}.Debug|Any CPU.ActiveCfg = Debug|Any CPU
		{5cac13e1-ee10-5f61-f4ca-2b85184fcc42}.Debug|Any CPU.Build.0 = Debug|Any CPU
		{6fed8a22-468e-505b-8393-2451947e20c1}.Debug|Any CPU.ActiveCfg = Debug|Any CPU
		{6fed8a22-468e-505b-8393-2451947e20c1}.Debug|Any CPU.Build.0 = Debug|Any CPU
		{b6678332-2097-3fc7-b189-0ea8257f24b3}.Debug|Any CPU.ActiveCfg = Debug|Any CPU
		{b6678332-2097-3fc7-b189-0ea8257f24b3}.Debug|Any CPU.Build.0 = Debug|Any CPU
		{20dddc8e-a43f-53d4-ab1c-18d3c73a9bf3}.Debug|Any CPU.ActiveCfg = Debug|Any CPU
		{20dddc8e-a43f-53d4-ab1c-18d3c73a9bf3}.Debug|Any CPU.Build.0 = Debug|Any CPU
		{cb746319-418d-4149-b906-1ae3b68947fe}.Debug|Any CPU.ActiveCfg = Debug|Any CPU
		{cb746319-418d-4149-b906-1ae3b68947fe}.Debug|Any CPU.Build.0 = Debug|Any CPU
		{55c44fca-9855-8135-2374-74141eb328e8}.Debug|Any CPU.ActiveCfg = Debug|Any CPU
		{55c44fca-9855-8135-2374-74141eb328e8}.Debug|Any CPU.Build.0 = Debug|Any CPU
		{c40163d9-3791-ea45-340e-bf3f9a1dcc7c}.Debug|Any CPU.ActiveCfg = Debug|Any CPU
		{c40163d9-3791-ea45-340e-bf3f9a1dcc7c}.Debug|Any CPU.Build.0 = Debug|Any CPU
		{6c0cc231-746d-92a6-703d-4d0f6e1b4473}.Debug|Any CPU.ActiveCfg = Debug|Any CPU
		{6c0cc231-746d-92a6-703d-4d0f6e1b4473}.Debug|Any CPU.Build.0 = Debug|Any CPU
		{689463c3-f45a-a1d7-adb4-4eff96f7cc45}.Debug|Any CPU.ActiveCfg = Debug|Any CPU
		{689463c3-f45a-a1d7-adb4-4eff96f7cc45}.Debug|Any CPU.Build.0 = Debug|Any CPU
		{759ad5b4-21f3-5712-e688-19c7ca04f3eb}.Debug|Any CPU.ActiveCfg = Debug|Any CPU
		{759ad5b4-21f3-5712-e688-19c7ca04f3eb}.Debug|Any CPU.Build.0 = Debug|Any CPU
		{8f335217-58d8-7e3f-af26-c19574656b49}.Debug|Any CPU.ActiveCfg = Debug|Any CPU
		{8f335217-58d8-7e3f-af26-c19574656b49}.Debug|Any CPU.Build.0 = Debug|Any CPU
		{22ad5fa7-c3bd-009f-738b-fba9b01b85bb}.Debug|Any CPU.ActiveCfg = Debug|Any CPU
		{22ad5fa7-c3bd-009f-738b-fba9b01b85bb}.Debug|Any CPU.Build.0 = Debug|Any CPU
		{528ee8e5-2635-b934-846a-f9daa399851f}.Debug|Any CPU.ActiveCfg = Debug|Any CPU
		{528ee8e5-2635-b934-846a-f9daa399851f}.Debug|Any CPU.Build.0 = Debug|Any CPU
		{3f3bcba7-5db6-5bee-dc6f-7a061e155c47}.Debug|Any CPU.ActiveCfg = Debug|Any CPU
		{3f3bcba7-5db6-5bee-dc6f-7a061e155c47}.Debug|Any CPU.Build.0 = Debug|Any CPU
		{e3d1afb9-609e-8a18-e813-a1c9f5b15c0e}.Debug|Any CPU.ActiveCfg = Debug|Any CPU
		{e3d1afb9-609e-8a18-e813-a1c9f5b15c0e}.Debug|Any CPU.Build.0 = Debug|Any CPU
		{9fc57a76-cf9f-1466-7ed4-947bca1fcc1d}.Debug|Any CPU.ActiveCfg = Debug|Any CPU
		{9fc57a76-cf9f-1466-7ed4-947bca1fcc1d}.Debug|Any CPU.Build.0 = Debug|Any CPU
		{e47269bf-fe70-490d-8788-ecbd7a1ad5b8}.Debug|Any CPU.ActiveCfg = Debug|Any CPU
		{e47269bf-fe70-490d-8788-ecbd7a1ad5b8}.Debug|Any CPU.Build.0 = Debug|Any CPU
		{4e76890f-dfac-a5e5-cff5-d651fccc718a}.Debug|Any CPU.ActiveCfg = Debug|Any CPU
		{4e76890f-dfac-a5e5-cff5-d651fccc718a}.Debug|Any CPU.Build.0 = Debug|Any CPU
		{019249db-04fe-20a9-7d23-bf44ad154c22}.Debug|Any CPU.ActiveCfg = Debug|Any CPU
		{019249db-04fe-20a9-7d23-bf44ad154c22}.Debug|Any CPU.Build.0 = Debug|Any CPU
		{72e9d635-e943-82e6-e4f0-455946a0cad6}.Debug|Any CPU.ActiveCfg = Debug|Any CPU
		{72e9d635-e943-82e6-e4f0-455946a0cad6}.Debug|Any CPU.Build.0 = Debug|Any CPU
		{88b60c38-984d-08d6-55f7-723ff57b29d9}.Debug|Any CPU.ActiveCfg = Debug|Any CPU
		{88b60c38-984d-08d6-55f7-723ff57b29d9}.Debug|Any CPU.Build.0 = Debug|Any CPU
		{baa35fd6-1e63-4795-8f19-bc7c4f8bbc71}.Debug|Any CPU.ActiveCfg = Debug|Any CPU
		{baa35fd6-1e63-4795-8f19-bc7c4f8bbc71}.Debug|Any CPU.Build.0 = Debug|Any CPU
		{3c3e5d7d-4e9a-ce26-884a-6515b1e7af06}.Debug|Any CPU.ActiveCfg = Debug|Any CPU
		{3c3e5d7d-4e9a-ce26-884a-6515b1e7af06}.Debug|Any CPU.Build.0 = Debug|Any CPU
		{000bb8be-3660-e6c9-0989-68b0c36e3ec9}.Debug|Any CPU.ActiveCfg = Debug|Any CPU
		{000bb8be-3660-e6c9-0989-68b0c36e3ec9}.Debug|Any CPU.Build.0 = Debug|Any CPU
		{a4a07766-c4c7-04a0-8ead-dc27ecb9a0ce}.Debug|Any CPU.ActiveCfg = Debug|Any CPU
		{a4a07766-c4c7-04a0-8ead-dc27ecb9a0ce}.Debug|Any CPU.Build.0 = Debug|Any CPU
		{80e29902-5311-5b61-8958-49c62c3edddc}.Debug|Any CPU.ActiveCfg = Debug|Any CPU
		{80e29902-5311-5b61-8958-49c62c3edddc}.Debug|Any CPU.Build.0 = Debug|Any CPU
		{993e9f0a-b132-ce83-7c66-fe8e296827f7}.Debug|Any CPU.ActiveCfg = Debug|Any CPU
		{993e9f0a-b132-ce83-7c66-fe8e296827f7}.Debug|Any CPU.Build.0 = Debug|Any CPU
		{330f3e10-40d5-454d-9484-e2cebd4051f7}.Debug|Any CPU.ActiveCfg = Debug|Any CPU
		{330f3e10-40d5-454d-9484-e2cebd4051f7}.Debug|Any CPU.Build.0 = Debug|Any CPU
		{0abe96ae-496a-803f-ff77-34a4e0deadb4}.Debug|Any CPU.ActiveCfg = Debug|Any CPU
		{0abe96ae-496a-803f-ff77-34a4e0deadb4}.Debug|Any CPU.Build.0 = Debug|Any CPU
		{d1b0cba2-c034-9472-5dc3-6e874198dcd4}.Debug|Any CPU.ActiveCfg = Debug|Any CPU
		{d1b0cba2-c034-9472-5dc3-6e874198dcd4}.Debug|Any CPU.Build.0 = Debug|Any CPU
		{e8fbece8-31bb-bc04-2763-40fed7d4d38d}.Debug|Any CPU.ActiveCfg = Debug|Any CPU
		{e8fbece8-31bb-bc04-2763-40fed7d4d38d}.Debug|Any CPU.Build.0 = Debug|Any CPU
		{34e3edc2-f1c7-ea0a-e1b7-11e161eec763}.Debug|Any CPU.ActiveCfg = Debug|Any CPU
		{34e3edc2-f1c7-ea0a-e1b7-11e161eec763}.Debug|Any CPU.Build.0 = Debug|Any CPU
		{8503a9a2-5a1f-7a78-4029-00cd6e5d0c22}.Debug|Any CPU.ActiveCfg = Debug|Any CPU
		{8503a9a2-5a1f-7a78-4029-00cd6e5d0c22}.Debug|Any CPU.Build.0 = Debug|Any CPU
		{6551817d-261d-0147-91ab-943ce9d996ca}.Debug|Any CPU.ActiveCfg = Debug|Any CPU
		{6551817d-261d-0147-91ab-943ce9d996ca}.Debug|Any CPU.Build.0 = Debug|Any CPU
		{de36a402-8271-4ac0-bd6e-28c3403b8185}.Debug|Any CPU.ActiveCfg = Debug|Any CPU
		{de36a402-8271-4ac0-bd6e-28c3403b8185}.Debug|Any CPU.Build.0 = Debug|Any CPU
		{66df7fe8-7824-0c64-2d98-a56cfeb66859}.Debug|Any CPU.ActiveCfg = Debug|Any CPU
		{66df7fe8-7824-0c64-2d98-a56cfeb66859}.Debug|Any CPU.Build.0 = Debug|Any CPU
		{246ec72b-970f-cb1b-ccd8-7d2aa29fa4e8}.Debug|Any CPU.ActiveCfg = Debug|Any CPU
		{246ec72b-970f-cb1b-ccd8-7d2aa29fa4e8}.Debug|Any CPU.Build.0 = Debug|Any CPU
		{1449e79a-39ba-8039-793e-34192da30c97}.Debug|Any CPU.ActiveCfg = Debug|Any CPU
		{1449e79a-39ba-8039-793e-34192da30c97}.Debug|Any CPU.Build.0 = Debug|Any CPU
		{edd96239-8277-3725-0c12-17c41d45bb25}.Debug|Any CPU.ActiveCfg = Debug|Any CPU
		{edd96239-8277-3725-0c12-17c41d45bb25}.Debug|Any CPU.Build.0 = Debug|Any CPU
		{4092f424-57a8-aabd-ee0a-34e004b439b5}.Debug|Any CPU.ActiveCfg = Debug|Any CPU
		{4092f424-57a8-aabd-ee0a-34e004b439b5}.Debug|Any CPU.Build.0 = Debug|Any CPU
		{a66be0c5-a59b-6fc6-77fb-1be9c92e0d34}.Debug|Any CPU.ActiveCfg = Debug|Any CPU
		{a66be0c5-a59b-6fc6-77fb-1be9c92e0d34}.Debug|Any CPU.Build.0 = Debug|Any CPU
		{8d2d683e-78b0-6edc-b441-c7ee9e32f861}.Debug|Any CPU.ActiveCfg = Debug|Any CPU
		{8d2d683e-78b0-6edc-b441-c7ee9e32f861}.Debug|Any CPU.Build.0 = Debug|Any CPU
		{35992600-0d9c-7f55-2323-7d14b3489958}.Debug|Any CPU.ActiveCfg = Debug|Any CPU
		{35992600-0d9c-7f55-2323-7d14b3489958}.Debug|Any CPU.Build.0 = Debug|Any CPU
		{8329147f-5f9d-1a28-b586-1bf432a17063}.Debug|Any CPU.ActiveCfg = Debug|Any CPU
		{8329147f-5f9d-1a28-b586-1bf432a17063}.Debug|Any CPU.Build.0 = Debug|Any CPU
		{35cf735d-c87f-825d-e11e-b9b84de52a71}.Debug|Any CPU.ActiveCfg = Debug|Any CPU
		{35cf735d-c87f-825d-e11e-b9b84de52a71}.Debug|Any CPU.Build.0 = Debug|Any CPU
		{c65cf7ae-9a86-eb60-a7e8-db991a272039}.Debug|Any CPU.ActiveCfg = Debug|Any CPU
		{c65cf7ae-9a86-eb60-a7e8-db991a272039}.Debug|Any CPU.Build.0 = Debug|Any CPU
		{662f22e3-e755-6635-1e68-da3031611b1b}.Debug|Any CPU.ActiveCfg = Debug|Any CPU
		{662f22e3-e755-6635-1e68-da3031611b1b}.Debug|Any CPU.Build.0 = Debug|Any CPU
		{93fe7cc1-878e-b93f-26c4-4e0d63384ab8}.Debug|Any CPU.ActiveCfg = Debug|Any CPU
		{93fe7cc1-878e-b93f-26c4-4e0d63384ab8}.Debug|Any CPU.Build.0 = Debug|Any CPU
		{83fa5b5d-ef23-f87f-b50e-fbf624f0eaa9}.Debug|Any CPU.ActiveCfg = Debug|Any CPU
		{83fa5b5d-ef23-f87f-b50e-fbf624f0eaa9}.Debug|Any CPU.Build.0 = Debug|Any CPU
		{818c6f89-061b-a124-9f09-72fdfceabf20}.Debug|Any CPU.ActiveCfg = Debug|Any CPU
		{818c6f89-061b-a124-9f09-72fdfceabf20}.Debug|Any CPU.Build.0 = Debug|Any CPU
		{6dec0211-1d1d-0e6b-ed51-be93facac7b0}.Debug|Any CPU.ActiveCfg = Debug|Any CPU
		{6dec0211-1d1d-0e6b-ed51-be93facac7b0}.Debug|Any CPU.Build.0 = Debug|Any CPU
		{a7f36dad-3f2f-f09f-fd06-1bc17b07d252}.Debug|Any CPU.ActiveCfg = Debug|Any CPU
		{a7f36dad-3f2f-f09f-fd06-1bc17b07d252}.Debug|Any CPU.Build.0 = Debug|Any CPU
		{2e520a4e-0f54-49a8-06c1-e2bcbd5aebba}.Debug|Any CPU.ActiveCfg = Debug|Any CPU
		{2e520a4e-0f54-49a8-06c1-e2bcbd5aebba}.Debug|Any CPU.Build.0 = Debug|Any CPU
		{b327b0f7-3989-218c-73d4-b9f67962705a}.Debug|Any CPU.ActiveCfg = Debug|Any CPU
		{b327b0f7-3989-218c-73d4-b9f67962705a}.Debug|Any CPU.Build.0 = Debug|Any CPU
		{f9f3247d-6851-2415-aca6-14f9546202e4}.Debug|Any CPU.ActiveCfg = Debug|Any CPU
		{f9f3247d-6851-2415-aca6-14f9546202e4}.Debug|Any CPU.Build.0 = Debug|Any CPU
		{0261053a-18c2-2697-c15c-3d8df08c7da2}.Debug|Any CPU.ActiveCfg = Debug|Any CPU
		{0261053a-18c2-2697-c15c-3d8df08c7da2}.Debug|Any CPU.Build.0 = Debug|Any CPU
		{b10886e1-832e-3617-6949-fb36a4d161a9}.Debug|Any CPU.ActiveCfg = Debug|Any CPU
		{b10886e1-832e-3617-6949-fb36a4d161a9}.Debug|Any CPU.Build.0 = Debug|Any CPU
		{f8777b00-1b1b-f681-3545-37c7bf4be75c}.Debug|Any CPU.ActiveCfg = Debug|Any CPU
		{f8777b00-1b1b-f681-3545-37c7bf4be75c}.Debug|Any CPU.Build.0 = Debug|Any CPU
		{3994586d-992d-a026-f466-649b28a19e91}.Debug|Any CPU.ActiveCfg = Debug|Any CPU
		{3994586d-992d-a026-f466-649b28a19e91}.Debug|Any CPU.Build.0 = Debug|Any CPU
		{50507cc1-042f-3056-4762-4361e4a27e99}.Debug|Any CPU.ActiveCfg = Debug|Any CPU
		{50507cc1-042f-3056-4762-4361e4a27e99}.Debug|Any CPU.Build.0 = Debug|Any CPU
		{12f1fd10-774b-416f-30cd-952f2065b7d4}.Debug|Any CPU.ActiveCfg = Debug|Any CPU
		{12f1fd10-774b-416f-30cd-952f2065b7d4}.Debug|Any CPU.Build.0 = Debug|Any CPU
		{824b9499-95e5-0f96-035b-33f99039627b}.Debug|Any CPU.ActiveCfg = Debug|Any CPU
		{824b9499-95e5-0f96-035b-33f99039627b}.Debug|Any CPU.Build.0 = Debug|Any CPU
		{f7cb0577-eac9-b115-c899-37bca7583117}.Debug|Any CPU.ActiveCfg = Debug|Any CPU
		{f7cb0577-eac9-b115-c899-37bca7583117}.Debug|Any CPU.Build.0 = Debug|Any CPU
		{66f7cfaa-fc05-6131-201c-c222bf2467c1}.Debug|Any CPU.ActiveCfg = Debug|Any CPU
		{66f7cfaa-fc05-6131-201c-c222bf2467c1}.Debug|Any CPU.Build.0 = Debug|Any CPU
		{19d9097f-d2bc-ea28-76a0-57a386cd44d6}.Debug|Any CPU.ActiveCfg = Debug|Any CPU
		{19d9097f-d2bc-ea28-76a0-57a386cd44d6}.Debug|Any CPU.Build.0 = Debug|Any CPU
		{52ed4ea8-adb2-2016-2ba1-3cea0fe99aec}.Debug|Any CPU.ActiveCfg = Debug|Any CPU
		{52ed4ea8-adb2-2016-2ba1-3cea0fe99aec}.Debug|Any CPU.Build.0 = Debug|Any CPU
		{917cedcb-ae65-9337-3214-541c4c8b86ba}.Debug|Any CPU.ActiveCfg = Debug|Any CPU
		{917cedcb-ae65-9337-3214-541c4c8b86ba}.Debug|Any CPU.Build.0 = Debug|Any CPU
		{6c71b059-158c-9dbf-77a8-ea82b6cb22f4}.Debug|Any CPU.ActiveCfg = Debug|Any CPU
		{6c71b059-158c-9dbf-77a8-ea82b6cb22f4}.Debug|Any CPU.Build.0 = Debug|Any CPU
		{59143f04-15dd-9429-8521-bcbbf25ab691}.Debug|Any CPU.ActiveCfg = Debug|Any CPU
		{59143f04-15dd-9429-8521-bcbbf25ab691}.Debug|Any CPU.Build.0 = Debug|Any CPU
		{60494ed2-157a-a97b-acd3-676140a66933}.Debug|Any CPU.ActiveCfg = Debug|Any CPU
		{60494ed2-157a-a97b-acd3-676140a66933}.Debug|Any CPU.Build.0 = Debug|Any CPU
		{b4452419-bdde-7473-da1b-65a614eb0bcb}.Debug|Any CPU.ActiveCfg = Debug|Any CPU
		{b4452419-bdde-7473-da1b-65a614eb0bcb}.Debug|Any CPU.Build.0 = Debug|Any CPU
		{ccbc5b60-b99f-8e86-74e7-ee8ded5a6d25}.Debug|Any CPU.ActiveCfg = Debug|Any CPU
		{ccbc5b60-b99f-8e86-74e7-ee8ded5a6d25}.Debug|Any CPU.Build.0 = Debug|Any CPU
		{459b24e7-368c-a9fa-575b-cacfa67bf274}.Debug|Any CPU.ActiveCfg = Debug|Any CPU
		{459b24e7-368c-a9fa-575b-cacfa67bf274}.Debug|Any CPU.Build.0 = Debug|Any CPU
		{8b25b742-704b-a48f-080e-cb2e5fbdc0d3}.Debug|Any CPU.ActiveCfg = Debug|Any CPU
		{8b25b742-704b-a48f-080e-cb2e5fbdc0d3}.Debug|Any CPU.Build.0 = Debug|Any CPU
		{8604ec9d-47f2-b658-e7fa-c402af974b33}.Debug|Any CPU.ActiveCfg = Debug|Any CPU
		{8604ec9d-47f2-b658-e7fa-c402af974b33}.Debug|Any CPU.Build.0 = Debug|Any CPU
		{a722827d-0a1d-217e-6320-bde48c0ee8aa}.Debug|Any CPU.ActiveCfg = Debug|Any CPU
		{a722827d-0a1d-217e-6320-bde48c0ee8aa}.Debug|Any CPU.Build.0 = Debug|Any CPU
		{798f3035-295d-0cb5-5646-d68feb678362}.Debug|Any CPU.ActiveCfg = Debug|Any CPU
		{798f3035-295d-0cb5-5646-d68feb678362}.Debug|Any CPU.Build.0 = Debug|Any CPU
		{a996d907-84b2-129b-d02a-496efc57462f}.Debug|Any CPU.ActiveCfg = Debug|Any CPU
		{a996d907-84b2-129b-d02a-496efc57462f}.Debug|Any CPU.Build.0 = Debug|Any CPU
		{9c0eea49-4210-3871-210e-1c4cd76b109f}.Debug|Any CPU.ActiveCfg = Debug|Any CPU
		{9c0eea49-4210-3871-210e-1c4cd76b109f}.Debug|Any CPU.Build.0 = Debug|Any CPU
		{5b65e61b-ae94-619a-13c8-10bcc67a3c0a}.Debug|Any CPU.ActiveCfg = Debug|Any CPU
		{5b65e61b-ae94-619a-13c8-10bcc67a3c0a}.Debug|Any CPU.Build.0 = Debug|Any CPU
		{cd3740c9-952d-42f4-f4b4-9f516ddbf020}.Debug|Any CPU.ActiveCfg = Debug|Any CPU
		{cd3740c9-952d-42f4-f4b4-9f516ddbf020}.Debug|Any CPU.Build.0 = Debug|Any CPU
	EndGlobalSection
	GlobalSection(SolutionProperties) = preSolution
		HideSolutionNode = FALSE
	EndGlobalSection
EndGlobal
